
Microsoft Visual Studio Solution File, Format Version 12.00
# Visual Studio Version 16
VisualStudioVersion = 16.0.30907.101
MinimumVisualStudioVersion = 10.0.40219.1
Project("{FAE04EC0-301F-11D3-BF4B-00C04F79EFBC}") = "TSD.BASE", "TSD.BASE.csproj", "{DC096DD8-9687-4EB2-B952-FDC5D372F241}"
EndProject
Global
	GlobalSection(SolutionConfigurationPlatforms) = preSolution
		Debug|Any CPU = Debug|Any CPU
		Release|Any CPU = Release|Any CPU
	EndGlobalSection
	GlobalSection(ProjectConfigurationPlatforms) = postSolution
		{DC096DD8-9687-4EB2-B952-FDC5D372F241}.Debug|Any CPU.ActiveCfg = Debug|Any CPU
		{DC096DD8-9687-4EB2-B952-FDC5D372F241}.Debug|Any CPU.Build.0 = Debug|Any CPU
		{DC096DD8-9687-4EB2-B952-FDC5D372F241}.Release|Any CPU.ActiveCfg = Release|Any CPU
		{DC096DD8-9687-4EB2-B952-FDC5D372F241}.Release|Any CPU.Build.0 = Release|Any CPU
	EndGlobalSection
	GlobalSection(SolutionProperties) = preSolution
		HideSolutionNode = FALSE
	EndGlobalSection
	GlobalSection(ExtensibilityGlobals) = postSolution
		SolutionGuid = {5E137992-9F43-443D-9835-05D466BD4624}
	EndGlobalSection
EndGlobal
